// !$*UTF8*$!
{
	archiveVersion = 1;
	classes = {
	};
	objectVersion = 46;
	objects = {

/* Begin PBXFileReference section */
		AD4CA8401B14ED4300B09B4D /* MrSmith */ = {isa = PBXFileReference; explicitFileType = folder; includeInIndex = 0; path = MrSmith; sourceTree = BUILT_PRODUCTS_DIR; };
		AD4CA8441B14ED4300B09B4D /* ContentInfo.plist */ = {isa = PBXFileReference; lastKnownFileType = text.plist.xml; path = ContentInfo.plist; sourceTree = "<group>"; };
/* End PBXFileReference section */

/* Begin PBXGroup section */
		AD4CA8391B14ED4300B09B4D = {
			isa = PBXGroup;
			children = (
				AD4CA8421B14ED4300B09B4D /* MrSmith */,
				AD4CA8411B14ED4300B09B4D /* Products */,
			);
			sourceTree = "<group>";
		};
		AD4CA8411B14ED4300B09B4D /* Products */ = {
			isa = PBXGroup;
			children = (
				AD4CA8401B14ED4300B09B4D /* MrSmith */,
			);
			name = Products;
			sourceTree = "<group>";
		};
		AD4CA8421B14ED4300B09B4D /* MrSmith */ = {
			isa = PBXGroup;
			children = (
				AD4CA8431B14ED4300B09B4D /* Supporting Files */,
			);
			path = MrSmith;
			sourceTree = "<group>";
		};
		AD4CA8431B14ED4300B09B4D /* Supporting Files */ = {
			isa = PBXGroup;
			children = (
				AD4CA8441B14ED4300B09B4D /* ContentInfo.plist */,
			);
			name = "Supporting Files";
			sourceTree = "<group>";
		};
/* End PBXGroup section */

/* Begin PBXNativeTarget section */
		AD4CA83F1B14ED4300B09B4D /* MrSmith */ = {
			isa = PBXNativeTarget;
			buildConfigurationList = AD4CA8471B14ED4300B09B4D /* Build configuration list for PBXNativeTarget "MrSmith" */;
			buildPhases = (
				AD4CA83E1B14ED4300B09B4D /* Resources */,
			);
			buildRules = (
			);
			dependencies = (
			);
			name = MrSmith;
			productName = MrSmith;
			productReference = AD4CA8401B14ED4300B09B4D /* MrSmith */;
			productType = "com.apple.product-type.in-app-purchase-content";
		};
/* End PBXNativeTarget section */

/* Begin PBXProject section */
		AD4CA83A1B14ED4300B09B4D /* Project object */ = {
			isa = PBXProject;
			attributes = {
				LastUpgradeCheck = 0630;
				ORGANIZATIONNAME = "Anna Svegborn";
				TargetAttributes = {
					AD4CA83F1B14ED4300B09B4D = {
						CreatedOnToolsVersion = 6.3.2;
					};
				};
			};
			buildConfigurationList = AD4CA83D1B14ED4300B09B4D /* Build configuration list for PBXProject "MrSmith" */;
			compatibilityVersion = "Xcode 3.2";
			developmentRegion = English;
			hasScannedForEncodings = 0;
			knownRegions = (
				en,
			);
			mainGroup = AD4CA8391B14ED4300B09B4D;
			productRefGroup = AD4CA8411B14ED4300B09B4D /* Products */;
			projectDirPath = "";
			projectRoot = "";
			targets = (
				AD4CA83F1B14ED4300B09B4D /* MrSmith */,
			);
		};
/* End PBXProject section */

/* Begin PBXResourcesBuildPhase section */
		AD4CA83E1B14ED4300B09B4D /* Resources */ = {
			isa = PBXResourcesBuildPhase;
			buildActionMask = 2147483647;
			files = (
			);
			runOnlyForDeploymentPostprocessing = 0;
		};
/* End PBXResourcesBuildPhase section */

/* Begin XCBuildConfiguration section */
		AD4CA8451B14ED4300B09B4D /* Debug */ = {
			isa = XCBuildConfiguration;
			buildSettings = {
				ALWAYS_SEARCH_USER_PATHS = NO;
				CLANG_CXX_LANGUAGE_STANDARD = "gnu++0x";
				CLANG_CXX_LIBRARY = "libc++";
				CLANG_ENABLE_MODULES = YES;
				CLANG_ENABLE_OBJC_ARC = YES;
				CLANG_WARN_BOOL_CONVERSION = YES;
				CLANG_WARN_CONSTANT_CONVERSION = YES;
				CLANG_WARN_DIRECT_OBJC_ISA_USAGE = YES_ERROR;
				CLANG_WARN_EMPTY_BODY = YES;
				CLANG_WARN_ENUM_CONVERSION = YES;
				CLANG_WARN_INT_CONVERSION = YES;
				CLANG_WARN_OBJC_ROOT_CLASS = YES_ERROR;
				CLANG_WARN_UNREACHABLE_CODE = YES;
				CLANG_WARN__DUPLICATE_METHOD_MATCH = YES;
				COPY_PHASE_STRIP = NO;
				ENABLE_STRICT_OBJC_MSGSEND = YES;
				GCC_C_LANGUAGE_STANDARD = gnu99;
				GCC_DYNAMIC_NO_PIC = NO;
				GCC_NO_COMMON_BLOCKS = YES;
				GCC_OPTIMIZATION_LEVEL = 0;
				GCC_PREPROCESSOR_DEFINITIONS = (
					"DEBUG=1",
					"$(inherited)",
				);
				GCC_SYMBOLS_PRIVATE_EXTERN = NO;
				GCC_WARN_64_TO_32_BIT_CONVERSION = YES;
				GCC_WARN_ABOUT_RETURN_TYPE = YES_ERROR;
				GCC_WARN_UNDECLARED_SELECTOR = YES;
				GCC_WARN_UNINITIALIZED_AUTOS = YES_AGGRESSIVE;
				GCC_WARN_UNUSED_FUNCTION = YES;
				GCC_WARN_UNUSED_VARIABLE = YES;
				MTL_ENABLE_DEBUG_INFO = YES;
				ONLY_ACTIVE_ARCH = YES;
			};
			name = Debug;
		};
		AD4CA8461B14ED4300B09B4D /* Release */ = {
			isa = XCBuildConfiguration;
			buildSettings = {
				ALWAYS_SEARCH_USER_PATHS = NO;
				CLANG_CXX_LANGUAGE_STANDARD = "gnu++0x";
				CLANG_CXX_LIBRARY = "libc++";
				CLANG_ENABLE_MODULES = YES;
				CLANG_ENABLE_OBJC_ARC = YES;
				CLANG_WARN_BOOL_CONVERSION = YES;
				CLANG_WARN_CONSTANT_CONVERSION = YES;
				CLANG_WARN_DIRECT_OBJC_ISA_USAGE = YES_ERROR;
				CLANG_WARN_EMPTY_BODY = YES;
				CLANG_WARN_ENUM_CONVERSION = YES;
				CLANG_WARN_INT_CONVERSION = YES;
				CLANG_WARN_OBJC_ROOT_CLASS = YES_ERROR;
				CLANG_WARN_UNREACHABLE_CODE = YES;
				CLANG_WARN__DUPLICATE_METHOD_MATCH = YES;
				COPY_PHASE_STRIP = NO;
				ENABLE_NS_ASSERTIONS = NO;
				ENABLE_STRICT_OBJC_MSGSEND = YES;
				GCC_C_LANGUAGE_STANDARD = gnu99;
				GCC_NO_COMMON_BLOCKS = YES;
				GCC_WARN_64_TO_32_BIT_CONVERSION = YES;
				GCC_WARN_ABOUT_RETURN_TYPE = YES_ERROR;
				GCC_WARN_UNDECLARED_SELECTOR = YES;
				GCC_WARN_UNINITIALIZED_AUTOS = YES_AGGRESSIVE;
				GCC_WARN_UNUSED_FUNCTION = YES;
				GCC_WARN_UNUSED_VARIABLE = YES;
				MTL_ENABLE_DEBUG_INFO = NO;
			};
			name = Release;
		};
		AD4CA8481B14ED4300B09B4D /* Debug */ = {
			isa = XCBuildConfiguration;
			buildSettings = {
				INFOPLIST_FILE = MrSmith/ContentInfo.plist;
				INSTALL_PATH = "$(LOCAL_LIBRARY_DIR)/InAppPurchaseContent";
				PRODUCT_NAME = "$(TARGET_NAME)";
				WRAPPER_EXTENSION = "";
			};
			name = Debug;
		};
		AD4CA8491B14ED4300B09B4D /* Release */ = {
			isa = XCBuildConfiguration;
			buildSettings = {
				INFOPLIST_FILE = MrSmith/ContentInfo.plist;
				INSTALL_PATH = "$(LOCAL_LIBRARY_DIR)/InAppPurchaseContent";
				PRODUCT_NAME = "$(TARGET_NAME)";
				WRAPPER_EXTENSION = "";
			};
			name = Release;
		};
/* End XCBuildConfiguration section */

/* Begin XCConfigurationList section */
		AD4CA83D1B14ED4300B09B4D /* Build configuration list for PBXProject "MrSmith" */ = {
			isa = XCConfigurationList;
			buildConfigurations = (
				AD4CA8451B14ED4300B09B4D /* Debug */,
				AD4CA8461B14ED4300B09B4D /* Release */,
			);
			defaultConfigurationIsVisible = 0;
			defaultConfigurationName = Release;
		};
		AD4CA8471B14ED4300B09B4D /* Build configuration list for PBXNativeTarget "MrSmith" */ = {
			isa = XCConfigurationList;
			buildConfigurations = (
				AD4CA8481B14ED4300B09B4D /* Debug */,
				AD4CA8491B14ED4300B09B4D /* Release */,
			);
			defaultConfigurationIsVisible = 0;
		};
/* End XCConfigurationList section */
	};
	rootObject = AD4CA83A1B14ED4300B09B4D /* Project object */;
}
